
Microsoft Visual Studio Solution File, Format Version 12.00
# Visual Studio Version 17
VisualStudioVersion = 17.9.34701.34
MinimumVisualStudioVersion = 10.0.40219.1
Project("{FAE04EC0-301F-11D3-BF4B-00C04F79EFBC}") = "Patron de observer", "Patron de observer.csproj", "{5310556A-EC55-44C0-B433-39D36AFD9EBF}"
EndProject
Global
	GlobalSection(SolutionConfigurationPlatforms) = preSolution
		Debug|Any CPU = Debug|Any CPU
		Release|Any CPU = Release|Any CPU
	EndGlobalSection
	GlobalSection(ProjectConfigurationPlatforms) = postSolution
		{5310556A-EC55-44C0-B433-39D36AFD9EBF}.Debug|Any CPU.ActiveCfg = Debug|Any CPU
		{5310556A-EC55-44C0-B433-39D36AFD9EBF}.Debug|Any CPU.Build.0 = Debug|Any CPU
		{5310556A-EC55-44C0-B433-39D36AFD9EBF}.Release|Any CPU.ActiveCfg = Release|Any CPU
		{5310556A-EC55-44C0-B433-39D36AFD9EBF}.Release|Any CPU.Build.0 = Release|Any CPU
	EndGlobalSection
	GlobalSection(SolutionProperties) = preSolution
		HideSolutionNode = FALSE
	EndGlobalSection
	GlobalSection(ExtensibilityGlobals) = postSolution
		SolutionGuid = {201059C5-F43D-4D90-B038-781AD81B5B19}
	EndGlobalSection
EndGlobal
