
Microsoft Visual Studio Solution File, Format Version 12.00
# Visual Studio Version 17
VisualStudioVersion = 17.5.33530.505
MinimumVisualStudioVersion = 10.0.40219.1
Project("{FAE04EC0-301F-11D3-BF4B-00C04F79EFBC}") = "Adapter", "Adapter.csproj", "{484B6F95-7BB5-4FBE-893A-E5D8B07C9FFD}"
EndProject
Global
	GlobalSection(SolutionConfigurationPlatforms) = preSolution
		Debug|Any CPU = Debug|Any CPU
		Release|Any CPU = Release|Any CPU
	EndGlobalSection
	GlobalSection(ProjectConfigurationPlatforms) = postSolution
		{484B6F95-7BB5-4FBE-893A-E5D8B07C9FFD}.Debug|Any CPU.ActiveCfg = Debug|Any CPU
		{484B6F95-7BB5-4FBE-893A-E5D8B07C9FFD}.Debug|Any CPU.Build.0 = Debug|Any CPU
		{484B6F95-7BB5-4FBE-893A-E5D8B07C9FFD}.Release|Any CPU.ActiveCfg = Release|Any CPU
		{484B6F95-7BB5-4FBE-893A-E5D8B07C9FFD}.Release|Any CPU.Build.0 = Release|Any CPU
	EndGlobalSection
	GlobalSection(SolutionProperties) = preSolution
		HideSolutionNode = FALSE
	EndGlobalSection
	GlobalSection(ExtensibilityGlobals) = postSolution
		SolutionGuid = {F7F8337F-1ED2-4C05-ABB0-7592B76853DD}
	EndGlobalSection
EndGlobal
